
Microsoft Visual Studio Solution File, Format Version 12.00
# Visual Studio Version 17
VisualStudioVersion = 17.5.33414.496
MinimumVisualStudioVersion = 10.0.40219.1
Project("{9A19103F-16F7-4668-BE54-9A1E7A4F7556}") = "CQRS.MediatR.API", "CQRS.MediatR.API\CQRS.MediatR.API.csproj", "{BB515518-11EE-4C9C-8BF6-3D383F33475B}"
EndProject
Project("{FAE04EC0-301F-11D3-BF4B-00C04F79EFBC}") = "CQRS.Mediator.ServiceLayer", "CQRS.Mediator.ServiceLayer\CQRS.Mediator.ServiceLayer.csproj", "{3240A431-8623-44A5-8B18-C8598F09C565}"
EndProject
Project("{FAE04EC0-301F-11D3-BF4B-00C04F79EFBC}") = "CQRS.Mediator.RepositoryLayer", "CQRS.Mediator.RepositoryLayer\CQRS.Mediator.RepositoryLayer.csproj", "{48043805-CB71-4781-80F4-446C80B0685F}"
EndProject
Project("{FAE04EC0-301F-11D3-BF4B-00C04F79EFBC}") = "CQRS.Mediator.Model", "CQRS.Mediator.Model\CQRS.Mediator.Model.csproj", "{57C15464-5CE7-40B4-A7C9-5258A8BD3507}"
EndProject
Global
	GlobalSection(SolutionConfigurationPlatforms) = preSolution
		Debug|Any CPU = Debug|Any CPU
		Release|Any CPU = Release|Any CPU
	EndGlobalSection
	GlobalSection(ProjectConfigurationPlatforms) = postSolution
		{BB515518-11EE-4C9C-8BF6-3D383F33475B}.Debug|Any CPU.ActiveCfg = Debug|Any CPU
		{BB515518-11EE-4C9C-8BF6-3D383F33475B}.Debug|Any CPU.Build.0 = Debug|Any CPU
		{BB515518-11EE-4C9C-8BF6-3D383F33475B}.Release|Any CPU.ActiveCfg = Release|Any CPU
		{BB515518-11EE-4C9C-8BF6-3D383F33475B}.Release|Any CPU.Build.0 = Release|Any CPU
		{3240A431-8623-44A5-8B18-C8598F09C565}.Debug|Any CPU.ActiveCfg = Debug|Any CPU
		{3240A431-8623-44A5-8B18-C8598F09C565}.Debug|Any CPU.Build.0 = Debug|Any CPU
		{3240A431-8623-44A5-8B18-C8598F09C565}.Release|Any CPU.ActiveCfg = Release|Any CPU
		{3240A431-8623-44A5-8B18-C8598F09C565}.Release|Any CPU.Build.0 = Release|Any CPU
		{48043805-CB71-4781-80F4-446C80B0685F}.Debug|Any CPU.ActiveCfg = Debug|Any CPU
		{48043805-CB71-4781-80F4-446C80B0685F}.Debug|Any CPU.Build.0 = Debug|Any CPU
		{48043805-CB71-4781-80F4-446C80B0685F}.Release|Any CPU.ActiveCfg = Release|Any CPU
		{48043805-CB71-4781-80F4-446C80B0685F}.Release|Any CPU.Build.0 = Release|Any CPU
		{57C15464-5CE7-40B4-A7C9-5258A8BD3507}.Debug|Any CPU.ActiveCfg = Debug|Any CPU
		{57C15464-5CE7-40B4-A7C9-5258A8BD3507}.Debug|Any CPU.Build.0 = Debug|Any CPU
		{57C15464-5CE7-40B4-A7C9-5258A8BD3507}.Release|Any CPU.ActiveCfg = Release|Any CPU
		{57C15464-5CE7-40B4-A7C9-5258A8BD3507}.Release|Any CPU.Build.0 = Release|Any CPU
	EndGlobalSection
	GlobalSection(SolutionProperties) = preSolution
		HideSolutionNode = FALSE
	EndGlobalSection
	GlobalSection(ExtensibilityGlobals) = postSolution
		SolutionGuid = {2014FF60-F148-4B4D-92FF-C750D98D88C4}
	EndGlobalSection
EndGlobal
